{
  "version": "5",
  "specifiers": {
    "npm:@duckdb/node-api@^1.4.4-r.3": "1.4.4-r.3",
    "npm:@mariozechner/clipboard@~0.3.2": "0.3.2",
    "npm:@types/bun@latest": "1.3.10",
    "npm:node-sql-parser@^5.4.0": "5.4.0",
    "npm:tsx@^4.21.0": "4.21.0",
    "npm:typescript@^5.9.3": "5.9.3"
  },
  "npm": {
    "@duckdb/node-api@1.4.4-r.3": {
      "integrity": "sha512-zsTihV7WTGp+n6nI0rNY+cNamKiN9lj0YTS4jrjBMd5ESJpDIJNJOB3o0xBbBghalgGu6PZfZOIcNofUbUHAYg==",
      "dependencies": [
        "@duckdb/node-bindings"
      ]
    },
    "@duckdb/node-bindings-darwin-arm64@1.4.4-r.3": {
      "integrity": "sha512-8tfUVcbkNhpCezUNFlrMOwNZL8p1XfE9jxhjlPine1zKM9mNNtKW1pwLXId6MZ/BDMpVfQmlxnu97NYtPmpgRw==",
      "os": ["darwin"],
      "cpu": ["arm64"]
    },
    "@duckdb/node-bindings-darwin-x64@1.4.4-r.3": {
      "integrity": "sha512-7pqSajMX/qb2vRnCMxOaM/cNkUX4kzHKAfdfQT+7dglvuIND2xy8+7EQ4+wHzk+gkPJsWUHZF0l0n6X6tyKFEA==",
      "os": ["darwin"],
      "cpu": ["x64"]
    },
    "@duckdb/node-bindings-linux-arm64@1.4.4-r.3": {
      "integrity": "sha512-qF2/WhB+i+8is60RrpTY/5ZnywIUayuBiVXSuQ4rrRn1m1gvfKqPvjySbiDjYgQo/6OXu/fax0KC1gXnNWoLEA==",
      "os": ["linux"],
      "cpu": ["arm64"]
    },
    "@duckdb/node-bindings-linux-x64@1.4.4-r.3": {
      "integrity": "sha512-Z59zpUIcZilHBmcZpmwfFwi6/OAnKlVQCE9/NGgZCFSqYeb+3ij5HQy26hp10GIiv3HxUQGId8HVs92x2jvckQ==",
      "os": ["linux"],
      "cpu": ["x64"]
    },
    "@duckdb/node-bindings-win32-arm64@1.4.4-r.3": {
      "integrity": "sha512-ejjMqDm2UbGIKq+4wBE27cqcZjxBzLnc1dniEE/xs9CVs4iYsiFP1BJLDAh4188P9pqgN9+VR3O69QfoZQ8rqQ==",
      "os": ["win32"],
      "cpu": ["arm64"]
    },
    "@duckdb/node-bindings-win32-x64@1.4.4-r.3": {
      "integrity": "sha512-5CzkI3jPkwALPYS66/vj/3wgsICxALkqRdOEJc8wHqPPlpM/Ez7jFAovI7+S8JrTaxUANkiIAcCtYYAJPElbRQ==",
      "os": ["win32"],
      "cpu": ["x64"]
    },
    "@duckdb/node-bindings@1.4.4-r.3": {
      "integrity": "sha512-ucvhCF3IK60BzxTFwYTjyQao9zavEwXJ1JdGk70UEXa85JQlos3pJslEG3lIczhdtSPu0aum+hv67aBmpH21cw==",
      "optionalDependencies": [
        "@duckdb/node-bindings-darwin-arm64",
        "@duckdb/node-bindings-darwin-x64",
        "@duckdb/node-bindings-linux-arm64",
        "@duckdb/node-bindings-linux-x64",
        "@duckdb/node-bindings-win32-arm64",
        "@duckdb/node-bindings-win32-x64"
      ]
    },
    "@esbuild/aix-ppc64@0.27.7": {
      "integrity": "sha512-EKX3Qwmhz1eMdEJokhALr0YiD0lhQNwDqkPYyPhiSwKrh7/4KRjQc04sZ8db+5DVVnZ1LmbNDI1uAMPEUBnQPg==",
      "os": ["aix"],
      "cpu": ["ppc64"]
    },
    "@esbuild/android-arm64@0.27.7": {
      "integrity": "sha512-62dPZHpIXzvChfvfLJow3q5dDtiNMkwiRzPylSCfriLvZeq0a1bWChrGx/BbUbPwOrsWKMn8idSllklzBy+dgQ==",
      "os": ["android"],
      "cpu": ["arm64"]
    },
    "@esbuild/android-arm@0.27.7": {
      "integrity": "sha512-jbPXvB4Yj2yBV7HUfE2KHe4GJX51QplCN1pGbYjvsyCZbQmies29EoJbkEc+vYuU5o45AfQn37vZlyXy4YJ8RQ==",
      "os": ["android"],
      "cpu": ["arm"]
    },
    "@esbuild/android-x64@0.27.7": {
      "integrity": "sha512-x5VpMODneVDb70PYV2VQOmIUUiBtY3D3mPBG8NxVk5CogneYhkR7MmM3yR/uMdITLrC1ml/NV1rj4bMJuy9MCg==",
      "os": ["android"],
      "cpu": ["x64"]
    },
    "@esbuild/darwin-arm64@0.27.7": {
      "integrity": "sha512-5lckdqeuBPlKUwvoCXIgI2D9/ABmPq3Rdp7IfL70393YgaASt7tbju3Ac+ePVi3KDH6N2RqePfHnXkaDtY9fkw==",
      "os": ["darwin"],
      "cpu": ["arm64"]
    },
    "@esbuild/darwin-x64@0.27.7": {
      "integrity": "sha512-rYnXrKcXuT7Z+WL5K980jVFdvVKhCHhUwid+dDYQpH+qu+TefcomiMAJpIiC2EM3Rjtq0sO3StMV/+3w3MyyqQ==",
      "os": ["darwin"],
      "cpu": ["x64"]
    },
    "@esbuild/freebsd-arm64@0.27.7": {
      "integrity": "sha512-B48PqeCsEgOtzME2GbNM2roU29AMTuOIN91dsMO30t+Ydis3z/3Ngoj5hhnsOSSwNzS+6JppqWsuhTp6E82l2w==",
      "os": ["freebsd"],
      "cpu": ["arm64"]
    },
    "@esbuild/freebsd-x64@0.27.7": {
      "integrity": "sha512-jOBDK5XEjA4m5IJK3bpAQF9/Lelu/Z9ZcdhTRLf4cajlB+8VEhFFRjWgfy3M1O4rO2GQ/b2dLwCUGpiF/eATNQ==",
      "os": ["freebsd"],
      "cpu": ["x64"]
    },
    "@esbuild/linux-arm64@0.27.7": {
      "integrity": "sha512-RZPHBoxXuNnPQO9rvjh5jdkRmVizktkT7TCDkDmQ0W2SwHInKCAV95GRuvdSvA7w4VMwfCjUiPwDi0ZO6Nfe9A==",
      "os": ["linux"],
      "cpu": ["arm64"]
    },
    "@esbuild/linux-arm@0.27.7": {
      "integrity": "sha512-RkT/YXYBTSULo3+af8Ib0ykH8u2MBh57o7q/DAs3lTJlyVQkgQvlrPTnjIzzRPQyavxtPtfg0EopvDyIt0j1rA==",
      "os": ["linux"],
      "cpu": ["arm"]
    },
    "@esbuild/linux-ia32@0.27.7": {
      "integrity": "sha512-GA48aKNkyQDbd3KtkplYWT102C5sn/EZTY4XROkxONgruHPU72l+gW+FfF8tf2cFjeHaRbWpOYa/uRBz/Xq1Pg==",
      "os": ["linux"],
      "cpu": ["ia32"]
    },
    "@esbuild/linux-loong64@0.27.7": {
      "integrity": "sha512-a4POruNM2oWsD4WKvBSEKGIiWQF8fZOAsycHOt6JBpZ+JN2n2JH9WAv56SOyu9X5IqAjqSIPTaJkqN8F7XOQ5Q==",
      "os": ["linux"],
      "cpu": ["loong64"]
    },
    "@esbuild/linux-mips64el@0.27.7": {
      "integrity": "sha512-KabT5I6StirGfIz0FMgl1I+R1H73Gp0ofL9A3nG3i/cYFJzKHhouBV5VWK1CSgKvVaG4q1RNpCTR2LuTVB3fIw==",
      "os": ["linux"],
      "cpu": ["mips64el"]
    },
    "@esbuild/linux-ppc64@0.27.7": {
      "integrity": "sha512-gRsL4x6wsGHGRqhtI+ifpN/vpOFTQtnbsupUF5R5YTAg+y/lKelYR1hXbnBdzDjGbMYjVJLJTd2OFmMewAgwlQ==",
      "os": ["linux"],
      "cpu": ["ppc64"]
    },
    "@esbuild/linux-riscv64@0.27.7": {
      "integrity": "sha512-hL25LbxO1QOngGzu2U5xeXtxXcW+/GvMN3ejANqXkxZ/opySAZMrc+9LY/WyjAan41unrR3YrmtTsUpwT66InQ==",
      "os": ["linux"],
      "cpu": ["riscv64"]
    },
    "@esbuild/linux-s390x@0.27.7": {
      "integrity": "sha512-2k8go8Ycu1Kb46vEelhu1vqEP+UeRVj2zY1pSuPdgvbd5ykAw82Lrro28vXUrRmzEsUV0NzCf54yARIK8r0fdw==",
      "os": ["linux"],
      "cpu": ["s390x"]
    },
    "@esbuild/linux-x64@0.27.7": {
      "integrity": "sha512-hzznmADPt+OmsYzw1EE33ccA+HPdIqiCRq7cQeL1Jlq2gb1+OyWBkMCrYGBJ+sxVzve2ZJEVeePbLM2iEIZSxA==",
      "os": ["linux"],
      "cpu": ["x64"]
    },
    "@esbuild/netbsd-arm64@0.27.7": {
      "integrity": "sha512-b6pqtrQdigZBwZxAn1UpazEisvwaIDvdbMbmrly7cDTMFnw/+3lVxxCTGOrkPVnsYIosJJXAsILG9XcQS+Yu6w==",
      "os": ["netbsd"],
      "cpu": ["arm64"]
    },
    "@esbuild/netbsd-x64@0.27.7": {
      "integrity": "sha512-OfatkLojr6U+WN5EDYuoQhtM+1xco+/6FSzJJnuWiUw5eVcicbyK3dq5EeV/QHT1uy6GoDhGbFpprUiHUYggrw==",
      "os": ["netbsd"],
      "cpu": ["x64"]
    },
    "@esbuild/openbsd-arm64@0.27.7": {
      "integrity": "sha512-AFuojMQTxAz75Fo8idVcqoQWEHIXFRbOc1TrVcFSgCZtQfSdc1RXgB3tjOn/krRHENUB4j00bfGjyl2mJrU37A==",
      "os": ["openbsd"],
      "cpu": ["arm64"]
    },
    "@esbuild/openbsd-x64@0.27.7": {
      "integrity": "sha512-+A1NJmfM8WNDv5CLVQYJ5PshuRm/4cI6WMZRg1by1GwPIQPCTs1GLEUHwiiQGT5zDdyLiRM/l1G0Pv54gvtKIg==",
      "os": ["openbsd"],
      "cpu": ["x64"]
    },
    "@esbuild/openharmony-arm64@0.27.7": {
      "integrity": "sha512-+KrvYb/C8zA9CU/g0sR6w2RBw7IGc5J2BPnc3dYc5VJxHCSF1yNMxTV5LQ7GuKteQXZtspjFbiuW5/dOj7H4Yw==",
      "os": ["openharmony"],
      "cpu": ["arm64"]
    },
    "@esbuild/sunos-x64@0.27.7": {
      "integrity": "sha512-ikktIhFBzQNt/QDyOL580ti9+5mL/YZeUPKU2ivGtGjdTYoqz6jObj6nOMfhASpS4GU4Q/Clh1QtxWAvcYKamA==",
      "os": ["sunos"],
      "cpu": ["x64"]
    },
    "@esbuild/win32-arm64@0.27.7": {
      "integrity": "sha512-7yRhbHvPqSpRUV7Q20VuDwbjW5kIMwTHpptuUzV+AA46kiPze5Z7qgt6CLCK3pWFrHeNfDd1VKgyP4O+ng17CA==",
      "os": ["win32"],
      "cpu": ["arm64"]
    },
    "@esbuild/win32-ia32@0.27.7": {
      "integrity": "sha512-SmwKXe6VHIyZYbBLJrhOoCJRB/Z1tckzmgTLfFYOfpMAx63BJEaL9ExI8x7v0oAO3Zh6D/Oi1gVxEYr5oUCFhw==",
      "os": ["win32"],
      "cpu": ["ia32"]
    },
    "@esbuild/win32-x64@0.27.7": {
      "integrity": "sha512-56hiAJPhwQ1R4i+21FVF7V8kSD5zZTdHcVuRFMW0hn753vVfQN8xlx4uOPT4xoGH0Z/oVATuR82AiqSTDIpaHg==",
      "os": ["win32"],
      "cpu": ["x64"]
    },
    "@mariozechner/clipboard-darwin-arm64@0.3.2": {
      "integrity": "sha512-uBf6K7Je1ihsgvmWxA8UCGCeI+nbRVRXoarZdLjl6slz94Zs1tNKFZqx7aCI5O1i3e0B6ja82zZ06BWrl0MCVw==",
      "os": ["darwin"],
      "cpu": ["arm64"]
    },
    "@mariozechner/clipboard-darwin-universal@0.3.2": {
      "integrity": "sha512-mxSheKTW2U9LsBdXy0SdmdCAE5HqNS9QUmpNHLnfJ+SsbFKALjEZc5oRrVMXxGQSirDvYf5bjmRyT0QYYonnlg==",
      "os": ["darwin"]
    },
    "@mariozechner/clipboard-darwin-x64@0.3.2": {
      "integrity": "sha512-U1BcVEoidvwIp95+HJswSW+xr28EQiHR7rZjH6pn8Sja5yO4Yoe3yCN0Zm8Lo72BbSOK/fTSq0je7CJpaPCspg==",
      "os": ["darwin"],
      "cpu": ["x64"]
    },
    "@mariozechner/clipboard-linux-arm64-gnu@0.3.2": {
      "integrity": "sha512-BsinwG3yWTIjdgNCxsFlip7LkfwPk+ruw/aFCXHUg/fb5XC/Ksp+YMQ7u0LUtiKzIv/7LMXgZInJQH6gxbAaqQ==",
      "os": ["linux"],
      "cpu": ["arm64"]
    },
    "@mariozechner/clipboard-linux-arm64-musl@0.3.2": {
      "integrity": "sha512-0/Gi5Xq2V6goXBop19ePoHvXsmJD9SzFlO3S+d6+T2b+BlPcpOu3Oa0wTjl+cZrLAAEzA86aPNBI+VVAFDFPKw==",
      "os": ["linux"],
      "cpu": ["arm64"]
    },
    "@mariozechner/clipboard-linux-riscv64-gnu@0.3.2": {
      "integrity": "sha512-2AFFiXB24qf0zOZsxI1GJGb9wQGlOJyN6UwoXqmKS3dpQi/l6ix30IzDDA4c4ZcCcx4D+9HLYXhC1w7Sov8pXA==",
      "os": ["linux"],
      "cpu": ["riscv64"]
    },
    "@mariozechner/clipboard-linux-x64-gnu@0.3.2": {
      "integrity": "sha512-v6fVnsn7WMGg73Dab8QMwyFce7tzGfgEixKgzLP8f1GJqkJZi5zO4k4FOHzSgUufgLil63gnxvMpjWkgfeQN7A==",
      "os": ["linux"],
      "cpu": ["x64"]
    },
    "@mariozechner/clipboard-linux-x64-musl@0.3.2": {
      "integrity": "sha512-xVUtnoMQ8v2JVyfJLKKXACA6avdnchdbBkTsZs8BgJQo29qwCp5NIHAUO8gbJ40iaEGToW5RlmVk2M9V0HsHEw==",
      "os": ["linux"],
      "cpu": ["x64"]
    },
    "@mariozechner/clipboard-win32-arm64-msvc@0.3.2": {
      "integrity": "sha512-AEgg95TNi8TGgak2wSXZkXKCvAUTjWoU1Pqb0ON7JHrX78p616XUFNTJohtIon3e0w6k0pYPZeCuqRCza/Tqeg==",
      "os": ["win32"],
      "cpu": ["arm64"]
    },
    "@mariozechner/clipboard-win32-x64-msvc@0.3.2": {
      "integrity": "sha512-tGRuYpZwDOD7HBrCpyRuhGnHHSCknELvqwKKUG4JSfSB7JIU7LKRh6zx6fMUOQd8uISK35TjFg5UcNih+vJhFA==",
      "os": ["win32"],
      "cpu": ["x64"]
    },
    "@mariozechner/clipboard@0.3.2": {
      "integrity": "sha512-IHQpksNjo7EAtGuHFU+tbWDp5LarH3HU/8WiB9O70ZEoBPHOg0/6afwSLK0QyNMMmx4Bpi/zl6+DcBXe95nWYA==",
      "optionalDependencies": [
        "@mariozechner/clipboard-darwin-arm64",
        "@mariozechner/clipboard-darwin-universal",
        "@mariozechner/clipboard-darwin-x64",
        "@mariozechner/clipboard-linux-arm64-gnu",
        "@mariozechner/clipboard-linux-arm64-musl",
        "@mariozechner/clipboard-linux-riscv64-gnu",
        "@mariozechner/clipboard-linux-x64-gnu",
        "@mariozechner/clipboard-linux-x64-musl",
        "@mariozechner/clipboard-win32-arm64-msvc",
        "@mariozechner/clipboard-win32-x64-msvc"
      ]
    },
    "@types/bun@1.3.10": {
      "integrity": "sha512-0+rlrUrOrTSskibryHbvQkDOWRJwJZqZlxrUs1u4oOoTln8+WIXBPmAuCF35SWB2z4Zl3E84Nl/D0P7803nigQ==",
      "dependencies": [
        "bun-types"
      ]
    },
    "@types/node@25.4.0": {
      "integrity": "sha512-9wLpoeWuBlcbBpOY3XmzSTG3oscB6xjBEEtn+pYXTfhyXhIxC5FsBer2KTopBlvKEiW9l13po9fq+SJY/5lkhw==",
      "dependencies": [
        "undici-types"
      ]
    },
    "@types/pegjs@0.10.6": {
      "integrity": "sha512-eLYXDbZWXh2uxf+w8sXS8d6KSoXTswfps6fvCUuVAGN8eRpfe7h9eSRydxiSJvo9Bf+GzifsDOr9TMQlmJdmkw=="
    },
    "big-integer@1.6.52": {
      "integrity": "sha512-QxD8cf2eVqJOOz63z6JIN9BzvVs/dlySa5HGSBH5xtR8dPteIRQnBxxKqkNTiT6jbDTF6jAfrd4oMcND9RGbQg=="
    },
    "bun-types@1.3.10": {
      "integrity": "sha512-tcpfCCl6XWo6nCVnpcVrxQ+9AYN1iqMIzgrSKYMB/fjLtV2eyAVEg7AxQJuCq/26R6HpKWykQXuSOq/21RYcbg==",
      "dependencies": [
        "@types/node"
      ]
    },
    "esbuild@0.27.7": {
      "integrity": "sha512-IxpibTjyVnmrIQo5aqNpCgoACA/dTKLTlhMHihVHhdkxKyPO1uBBthumT0rdHmcsk9uMonIWS0m4FljWzILh3w==",
      "optionalDependencies": [
        "@esbuild/aix-ppc64",
        "@esbuild/android-arm",
        "@esbuild/android-arm64",
        "@esbuild/android-x64",
        "@esbuild/darwin-arm64",
        "@esbuild/darwin-x64",
        "@esbuild/freebsd-arm64",
        "@esbuild/freebsd-x64",
        "@esbuild/linux-arm",
        "@esbuild/linux-arm64",
        "@esbuild/linux-ia32",
        "@esbuild/linux-loong64",
        "@esbuild/linux-mips64el",
        "@esbuild/linux-ppc64",
        "@esbuild/linux-riscv64",
        "@esbuild/linux-s390x",
        "@esbuild/linux-x64",
        "@esbuild/netbsd-arm64",
        "@esbuild/netbsd-x64",
        "@esbuild/openbsd-arm64",
        "@esbuild/openbsd-x64",
        "@esbuild/openharmony-arm64",
        "@esbuild/sunos-x64",
        "@esbuild/win32-arm64",
        "@esbuild/win32-ia32",
        "@esbuild/win32-x64"
      ],
      "scripts": true,
      "bin": true
    },
    "fsevents@2.3.3": {
      "integrity": "sha512-5xoDfX+fL7faATnagmWPpbFtwh/R77WmMMqqHGS65C3vvB0YHrgF+B1YmZ3441tMj5n63k0212XNoJwzlhffQw==",
      "os": ["darwin"],
      "scripts": true
    },
    "get-tsconfig@4.14.0": {
      "integrity": "sha512-yTb+8DXzDREzgvYmh6s9vHsSVCHeC0G3PI5bEXNBHtmshPnO+S5O7qgLEOn0I5QvMy6kpZN8K1NKGyilLb93wA==",
      "dependencies": [
        "resolve-pkg-maps"
      ]
    },
    "node-sql-parser@5.4.0": {
      "integrity": "sha512-jVe6Z61gPcPjCElPZ6j8llB3wnqGcuQzefim1ERsqIakxnEy5JlzV7XKdO1KmacRG5TKwPc4vJTgSRQ0LfkbFw==",
      "dependencies": [
        "@types/pegjs",
        "big-integer"
      ]
    },
    "resolve-pkg-maps@1.0.0": {
      "integrity": "sha512-seS2Tj26TBVOC2NIc2rOe2y2ZO7efxITtLZcGSOnHHNOQ7CkiUBfw0Iw2ck6xkIhPwLhKNLS8BO+hEpngQlqzw=="
    },
    "tsx@4.21.0": {
      "integrity": "sha512-5C1sg4USs1lfG0GFb2RLXsdpXqBSEhAaA/0kPL01wxzpMqLILNxIxIOKiILz+cdg/pLnOUxFYOR5yhHU666wbw==",
      "dependencies": [
        "esbuild",
        "get-tsconfig"
      ],
      "optionalDependencies": [
        "fsevents"
      ],
      "bin": true
    },
    "typescript@5.9.3": {
      "integrity": "sha512-jl1vZzPDinLr9eUt3J/t7V6FgNEw9QjvBPdysz9KfQDD41fQrC2Y4vKQdiaUpFT4bXlb1RHhLpp8wtm6M5TgSw==",
      "bin": true
    },
    "undici-types@7.18.2": {
      "integrity": "sha512-AsuCzffGHJybSaRrmr5eHr81mwJU3kjw6M+uprWvCXiNeN9SOGwQ3Jn8jb8m3Z6izVgknn1R0FTCEAP2QrLY/w=="
    }
  },
  "workspace": {
    "packageJson": {
      "dependencies": [
        "npm:typescript@^5.9.3"
      ]
    },
    "members": {
      "packages/dev": {
        "dependencies": [
          "jsr:@teta/teta@0.4"
        ],
        "packageJson": {
          "dependencies": [
            "npm:@mariozechner/clipboard@~0.3.2",
            "npm:@types/bun@latest",
            "npm:typescript@^5.9.3"
          ]
        }
      },
      "packages/sql": {
        "packageJson": {
          "dependencies": [
            "npm:@types/bun@latest",
            "npm:node-sql-parser@^5.4.0",
            "npm:typescript@^5.9.3"
          ]
        }
      },
      "packages/teta": {
        "packageJson": {
          "dependencies": [
            "npm:@duckdb/node-api@^1.4.4-r.3",
            "npm:@types/bun@latest",
            "npm:node-sql-parser@^5.4.0",
            "npm:tsx@^4.21.0",
            "npm:typescript@^5.9.3"
          ]
        }
      }
    }
  }
}
