{
  "version": "5",
  "specifiers": {
    "npm:@duckdb/node-api@^1.4.4-r.3": "1.4.4-r.3",
    "npm:@types/bun@latest": "1.3.10",
    "npm:node-sql-parser@^5.4.0": "5.4.0",
    "npm:remeda@^2.33.6": "2.33.6",
    "npm:typescript@^5.9.3": "5.9.3"
  },
  "npm": {
    "@duckdb/node-api@1.4.4-r.3": {
      "integrity": "sha512-zsTihV7WTGp+n6nI0rNY+cNamKiN9lj0YTS4jrjBMd5ESJpDIJNJOB3o0xBbBghalgGu6PZfZOIcNofUbUHAYg==",
      "dependencies": [
        "@duckdb/node-bindings"
      ]
    },
    "@duckdb/node-bindings-darwin-arm64@1.4.4-r.3": {
      "integrity": "sha512-8tfUVcbkNhpCezUNFlrMOwNZL8p1XfE9jxhjlPine1zKM9mNNtKW1pwLXId6MZ/BDMpVfQmlxnu97NYtPmpgRw==",
      "os": ["darwin"],
      "cpu": ["arm64"]
    },
    "@duckdb/node-bindings-darwin-x64@1.4.4-r.3": {
      "integrity": "sha512-7pqSajMX/qb2vRnCMxOaM/cNkUX4kzHKAfdfQT+7dglvuIND2xy8+7EQ4+wHzk+gkPJsWUHZF0l0n6X6tyKFEA==",
      "os": ["darwin"],
      "cpu": ["x64"]
    },
    "@duckdb/node-bindings-linux-arm64@1.4.4-r.3": {
      "integrity": "sha512-qF2/WhB+i+8is60RrpTY/5ZnywIUayuBiVXSuQ4rrRn1m1gvfKqPvjySbiDjYgQo/6OXu/fax0KC1gXnNWoLEA==",
      "os": ["linux"],
      "cpu": ["arm64"]
    },
    "@duckdb/node-bindings-linux-x64@1.4.4-r.3": {
      "integrity": "sha512-Z59zpUIcZilHBmcZpmwfFwi6/OAnKlVQCE9/NGgZCFSqYeb+3ij5HQy26hp10GIiv3HxUQGId8HVs92x2jvckQ==",
      "os": ["linux"],
      "cpu": ["x64"]
    },
    "@duckdb/node-bindings-win32-arm64@1.4.4-r.3": {
      "integrity": "sha512-ejjMqDm2UbGIKq+4wBE27cqcZjxBzLnc1dniEE/xs9CVs4iYsiFP1BJLDAh4188P9pqgN9+VR3O69QfoZQ8rqQ==",
      "os": ["win32"],
      "cpu": ["arm64"]
    },
    "@duckdb/node-bindings-win32-x64@1.4.4-r.3": {
      "integrity": "sha512-5CzkI3jPkwALPYS66/vj/3wgsICxALkqRdOEJc8wHqPPlpM/Ez7jFAovI7+S8JrTaxUANkiIAcCtYYAJPElbRQ==",
      "os": ["win32"],
      "cpu": ["x64"]
    },
    "@duckdb/node-bindings@1.4.4-r.3": {
      "integrity": "sha512-ucvhCF3IK60BzxTFwYTjyQao9zavEwXJ1JdGk70UEXa85JQlos3pJslEG3lIczhdtSPu0aum+hv67aBmpH21cw==",
      "optionalDependencies": [
        "@duckdb/node-bindings-darwin-arm64",
        "@duckdb/node-bindings-darwin-x64",
        "@duckdb/node-bindings-linux-arm64",
        "@duckdb/node-bindings-linux-x64",
        "@duckdb/node-bindings-win32-arm64",
        "@duckdb/node-bindings-win32-x64"
      ]
    },
    "@types/bun@1.3.10": {
      "integrity": "sha512-0+rlrUrOrTSskibryHbvQkDOWRJwJZqZlxrUs1u4oOoTln8+WIXBPmAuCF35SWB2z4Zl3E84Nl/D0P7803nigQ==",
      "dependencies": [
        "bun-types"
      ]
    },
    "@types/node@25.4.0": {
      "integrity": "sha512-9wLpoeWuBlcbBpOY3XmzSTG3oscB6xjBEEtn+pYXTfhyXhIxC5FsBer2KTopBlvKEiW9l13po9fq+SJY/5lkhw==",
      "dependencies": [
        "undici-types"
      ]
    },
    "@types/pegjs@0.10.6": {
      "integrity": "sha512-eLYXDbZWXh2uxf+w8sXS8d6KSoXTswfps6fvCUuVAGN8eRpfe7h9eSRydxiSJvo9Bf+GzifsDOr9TMQlmJdmkw=="
    },
    "big-integer@1.6.52": {
      "integrity": "sha512-QxD8cf2eVqJOOz63z6JIN9BzvVs/dlySa5HGSBH5xtR8dPteIRQnBxxKqkNTiT6jbDTF6jAfrd4oMcND9RGbQg=="
    },
    "bun-types@1.3.10": {
      "integrity": "sha512-tcpfCCl6XWo6nCVnpcVrxQ+9AYN1iqMIzgrSKYMB/fjLtV2eyAVEg7AxQJuCq/26R6HpKWykQXuSOq/21RYcbg==",
      "dependencies": [
        "@types/node"
      ]
    },
    "node-sql-parser@5.4.0": {
      "integrity": "sha512-jVe6Z61gPcPjCElPZ6j8llB3wnqGcuQzefim1ERsqIakxnEy5JlzV7XKdO1KmacRG5TKwPc4vJTgSRQ0LfkbFw==",
      "dependencies": [
        "@types/pegjs",
        "big-integer"
      ]
    },
    "remeda@2.33.6": {
      "integrity": "sha512-tazDGH7s75kUPGBKLvhgBEHMgW+TdDFhjUAMdQj57IoWz6HsGa5D2RX5yDUz6IIqiRRvZiaEHzCzWdTeixc/Kg=="
    },
    "typescript@5.9.3": {
      "integrity": "sha512-jl1vZzPDinLr9eUt3J/t7V6FgNEw9QjvBPdysz9KfQDD41fQrC2Y4vKQdiaUpFT4bXlb1RHhLpp8wtm6M5TgSw==",
      "bin": true
    },
    "undici-types@7.18.2": {
      "integrity": "sha512-AsuCzffGHJybSaRrmr5eHr81mwJU3kjw6M+uprWvCXiNeN9SOGwQ3Jn8jb8m3Z6izVgknn1R0FTCEAP2QrLY/w=="
    }
  },
  "workspace": {
    "packageJson": {
      "dependencies": [
        "npm:@duckdb/node-api@^1.4.4-r.3",
        "npm:@types/bun@latest",
        "npm:node-sql-parser@^5.4.0",
        "npm:remeda@^2.33.6",
        "npm:typescript@^5.9.3"
      ]
    }
  }
}
